
Microsoft Visual Studio Solution File, Format Version 12.00
# Visual Studio Version 16
VisualStudioVersion = 16.0.29411.108
MinimumVisualStudioVersion = 10.0.40219.1
Project("{FAE04EC0-301F-11D3-BF4B-00C04F79EFBC}") = "coreweb_test", "coreweb_test\coreweb_test.csproj", "{B0CC62E6-9B10-454F-B80A-7A72C688AFF1}"
EndProject
Global
	GlobalSection(SolutionConfigurationPlatforms) = preSolution
		Debug|Any CPU = Debug|Any CPU
		Release|Any CPU = Release|Any CPU
	EndGlobalSection
	GlobalSection(ProjectConfigurationPlatforms) = postSolution
		{B0CC62E6-9B10-454F-B80A-7A72C688AFF1}.Debug|Any CPU.ActiveCfg = Debug|Any CPU
		{B0CC62E6-9B10-454F-B80A-7A72C688AFF1}.Debug|Any CPU.Build.0 = Debug|Any CPU
		{B0CC62E6-9B10-454F-B80A-7A72C688AFF1}.Release|Any CPU.ActiveCfg = Release|Any CPU
		{B0CC62E6-9B10-454F-B80A-7A72C688AFF1}.Release|Any CPU.Build.0 = Release|Any CPU
	EndGlobalSection
	GlobalSection(SolutionProperties) = preSolution
		HideSolutionNode = FALSE
	EndGlobalSection
	GlobalSection(ExtensibilityGlobals) = postSolution
		SolutionGuid = {75A82F8E-C80E-447D-94F6-5DF2CBA0C60F}
	EndGlobalSection
EndGlobal
